// !$*UTF8*$!
{
	archiveVersion = 1;
	classes = {
	};
	objectVersion = 55;
	objects = {

/* Begin PBXBuildFile section */
		EE10C828273661FE00E2E4D2 /* pushHandleApp.swift in Sources */ = {isa = PBXBuildFile; fileRef = EE10C827273661FE00E2E4D2 /* pushHandleApp.swift */; };
		EE10C82A273661FE00E2E4D2 /* P8ContentView.swift in Sources */ = {isa = PBXBuildFile; fileRef = EE10C829273661FE00E2E4D2 /* P8ContentView.swift */; };
		EE10C82C2736620000E2E4D2 /* Assets.xcassets in Resources */ = {isa = PBXBuildFile; fileRef = EE10C82B2736620000E2E4D2 /* Assets.xcassets */; };
		EE10C82F2736620000E2E4D2 /* Preview Assets.xcassets in Resources */ = {isa = PBXBuildFile; fileRef = EE10C82E2736620000E2E4D2 /* Preview Assets.xcassets */; };
		EE10C843273667EA00E2E4D2 /* LICENSE in Resources */ = {isa = PBXBuildFile; fileRef = EE10C838273667EA00E2E4D2 /* LICENSE */; };
		EE10C844273667EA00E2E4D2 /* README.md in Resources */ = {isa = PBXBuildFile; fileRef = EE10C839273667EA00E2E4D2 /* README.md */; };
		EE10C845273667EA00E2E4D2 /* CupertinoJWTError.swift in Sources */ = {isa = PBXBuildFile; fileRef = EE10C83B273667EA00E2E4D2 /* CupertinoJWTError.swift */; };
		EE10C846273667EA00E2E4D2 /* JWT.swift in Sources */ = {isa = PBXBuildFile; fileRef = EE10C83C273667EA00E2E4D2 /* JWT.swift */; };
		EE10C847273667EA00E2E4D2 /* ECKeyData.swift in Sources */ = {isa = PBXBuildFile; fileRef = EE10C83D273667EA00E2E4D2 /* ECKeyData.swift */; };
		EE10C848273667EA00E2E4D2 /* Data+Extension.swift in Sources */ = {isa = PBXBuildFile; fileRef = EE10C83E273667EA00E2E4D2 /* Data+Extension.swift */; };
		EE10C849273667EA00E2E4D2 /* P8.swift in Sources */ = {isa = PBXBuildFile; fileRef = EE10C83F273667EA00E2E4D2 /* P8.swift */; };
		EE10C84A273667EA00E2E4D2 /* ECPrivateKey.swift in Sources */ = {isa = PBXBuildFile; fileRef = EE10C840273667EA00E2E4D2 /* ECPrivateKey.swift */; };
		EE10C84B273667EA00E2E4D2 /* ASN1.swift in Sources */ = {isa = PBXBuildFile; fileRef = EE10C841273667EA00E2E4D2 /* ASN1.swift */; };
		EE10C84C273667EA00E2E4D2 /* install_common_crypto.sh in Resources */ = {isa = PBXBuildFile; fileRef = EE10C842273667EA00E2E4D2 /* install_common_crypto.sh */; };
		EE10C84F273714CD00E2E4D2 /* JWTToken.swift in Sources */ = {isa = PBXBuildFile; fileRef = EE10C84E273714CD00E2E4D2 /* JWTToken.swift */; };
		EE10C85227371CE400E2E4D2 /* NSTextView+Background.swift in Sources */ = {isa = PBXBuildFile; fileRef = EE10C85127371CE400E2E4D2 /* NSTextView+Background.swift */; };
		EE10C85427371D1B00E2E4D2 /* String+Dictionary.swift in Sources */ = {isa = PBXBuildFile; fileRef = EE10C85327371D1B00E2E4D2 /* String+Dictionary.swift */; };
		EE10C85827371D7800E2E4D2 /* PopoverView.swift in Sources */ = {isa = PBXBuildFile; fileRef = EE10C85727371D7800E2E4D2 /* PopoverView.swift */; };
		EE10C85A27371DC300E2E4D2 /* PushPredefinedType.swift in Sources */ = {isa = PBXBuildFile; fileRef = EE10C85927371DC300E2E4D2 /* PushPredefinedType.swift */; };
		EE10C85C27371DF600E2E4D2 /* PushEnvironment.swift in Sources */ = {isa = PBXBuildFile; fileRef = EE10C85B27371DF600E2E4D2 /* PushEnvironment.swift */; };
		EE10C85E27371E1300E2E4D2 /* DroppableArea.swift in Sources */ = {isa = PBXBuildFile; fileRef = EE10C85D27371E1300E2E4D2 /* DroppableArea.swift */; };
		EE10C8602737290F00E2E4D2 /* MainView.swift in Sources */ = {isa = PBXBuildFile; fileRef = EE10C85F2737290F00E2E4D2 /* MainView.swift */; };
		EE10C8622737293600E2E4D2 /* SideMenuView.swift in Sources */ = {isa = PBXBuildFile; fileRef = EE10C8612737293600E2E4D2 /* SideMenuView.swift */; };
/* End PBXBuildFile section */

/* Begin PBXFileReference section */
		EE10C824273661FE00E2E4D2 /* pushHandle.app */ = {isa = PBXFileReference; explicitFileType = wrapper.application; includeInIndex = 0; path = pushHandle.app; sourceTree = BUILT_PRODUCTS_DIR; };
		EE10C827273661FE00E2E4D2 /* pushHandleApp.swift */ = {isa = PBXFileReference; lastKnownFileType = sourcecode.swift; path = pushHandleApp.swift; sourceTree = "<group>"; };
		EE10C829273661FE00E2E4D2 /* P8ContentView.swift */ = {isa = PBXFileReference; lastKnownFileType = sourcecode.swift; path = P8ContentView.swift; sourceTree = "<group>"; };
		EE10C82B2736620000E2E4D2 /* Assets.xcassets */ = {isa = PBXFileReference; lastKnownFileType = folder.assetcatalog; path = Assets.xcassets; sourceTree = "<group>"; };
		EE10C82E2736620000E2E4D2 /* Preview Assets.xcassets */ = {isa = PBXFileReference; lastKnownFileType = folder.assetcatalog; path = "Preview Assets.xcassets"; sourceTree = "<group>"; };
		EE10C8302736620000E2E4D2 /* pushHandle.entitlements */ = {isa = PBXFileReference; lastKnownFileType = text.plist.entitlements; path = pushHandle.entitlements; sourceTree = "<group>"; };
		EE10C838273667EA00E2E4D2 /* LICENSE */ = {isa = PBXFileReference; fileEncoding = 4; lastKnownFileType = text; path = LICENSE; sourceTree = "<group>"; };
		EE10C839273667EA00E2E4D2 /* README.md */ = {isa = PBXFileReference; fileEncoding = 4; lastKnownFileType = net.daringfireball.markdown; path = README.md; sourceTree = "<group>"; };
		EE10C83B273667EA00E2E4D2 /* CupertinoJWTError.swift */ = {isa = PBXFileReference; fileEncoding = 4; lastKnownFileType = sourcecode.swift; path = CupertinoJWTError.swift; sourceTree = "<group>"; };
		EE10C83C273667EA00E2E4D2 /* JWT.swift */ = {isa = PBXFileReference; fileEncoding = 4; lastKnownFileType = sourcecode.swift; path = JWT.swift; sourceTree = "<group>"; };
		EE10C83D273667EA00E2E4D2 /* ECKeyData.swift */ = {isa = PBXFileReference; fileEncoding = 4; lastKnownFileType = sourcecode.swift; path = ECKeyData.swift; sourceTree = "<group>"; };
		EE10C83E273667EA00E2E4D2 /* Data+Extension.swift */ = {isa = PBXFileReference; fileEncoding = 4; lastKnownFileType = sourcecode.swift; path = "Data+Extension.swift"; sourceTree = "<group>"; };
		EE10C83F273667EA00E2E4D2 /* P8.swift */ = {isa = PBXFileReference; fileEncoding = 4; lastKnownFileType = sourcecode.swift; path = P8.swift; sourceTree = "<group>"; };
		EE10C840273667EA00E2E4D2 /* ECPrivateKey.swift */ = {isa = PBXFileReference; fileEncoding = 4; lastKnownFileType = sourcecode.swift; path = ECPrivateKey.swift; sourceTree = "<group>"; };
		EE10C841273667EA00E2E4D2 /* ASN1.swift */ = {isa = PBXFileReference; fileEncoding = 4; lastKnownFileType = sourcecode.swift; path = ASN1.swift; sourceTree = "<group>"; };
		EE10C842273667EA00E2E4D2 /* install_common_crypto.sh */ = {isa = PBXFileReference; fileEncoding = 4; lastKnownFileType = text.script.sh; path = install_common_crypto.sh; sourceTree = "<group>"; };
		EE10C84D2736FEA400E2E4D2 /* Info.plist */ = {isa = PBXFileReference; lastKnownFileType = text.plist; path = Info.plist; sourceTree = "<group>"; };
		EE10C84E273714CD00E2E4D2 /* JWTToken.swift */ = {isa = PBXFileReference; lastKnownFileType = sourcecode.swift; path = JWTToken.swift; sourceTree = "<group>"; };
		EE10C85127371CE400E2E4D2 /* NSTextView+Background.swift */ = {isa = PBXFileReference; lastKnownFileType = sourcecode.swift; path = "NSTextView+Background.swift"; sourceTree = "<group>"; };
		EE10C85327371D1B00E2E4D2 /* String+Dictionary.swift */ = {isa = PBXFileReference; lastKnownFileType = sourcecode.swift; path = "String+Dictionary.swift"; sourceTree = "<group>"; };
		EE10C85727371D7800E2E4D2 /* PopoverView.swift */ = {isa = PBXFileReference; lastKnownFileType = sourcecode.swift; path = PopoverView.swift; sourceTree = "<group>"; };
		EE10C85927371DC300E2E4D2 /* PushPredefinedType.swift */ = {isa = PBXFileReference; lastKnownFileType = sourcecode.swift; path = PushPredefinedType.swift; sourceTree = "<group>"; };
		EE10C85B27371DF600E2E4D2 /* PushEnvironment.swift */ = {isa = PBXFileReference; lastKnownFileType = sourcecode.swift; path = PushEnvironment.swift; sourceTree = "<group>"; };
		EE10C85D27371E1300E2E4D2 /* DroppableArea.swift */ = {isa = PBXFileReference; lastKnownFileType = sourcecode.swift; path = DroppableArea.swift; sourceTree = "<group>"; };
		EE10C85F2737290F00E2E4D2 /* MainView.swift */ = {isa = PBXFileReference; lastKnownFileType = sourcecode.swift; path = MainView.swift; sourceTree = "<group>"; };
		EE10C8612737293600E2E4D2 /* SideMenuView.swift */ = {isa = PBXFileReference; lastKnownFileType = sourcecode.swift; path = SideMenuView.swift; sourceTree = "<group>"; };
/* End PBXFileReference section */

/* Begin PBXFrameworksBuildPhase section */
		EE10C821273661FE00E2E4D2 /* Frameworks */ = {
			isa = PBXFrameworksBuildPhase;
			buildActionMask = 2147483647;
			files = (
			);
			runOnlyForDeploymentPostprocessing = 0;
		};
/* End PBXFrameworksBuildPhase section */

/* Begin PBXGroup section */
		EE10C81B273661FE00E2E4D2 = {
			isa = PBXGroup;
			children = (
				EE10C826273661FE00E2E4D2 /* pushHandle */,
				EE10C825273661FE00E2E4D2 /* Products */,
			);
			sourceTree = "<group>";
		};
		EE10C825273661FE00E2E4D2 /* Products */ = {
			isa = PBXGroup;
			children = (
				EE10C824273661FE00E2E4D2 /* pushHandle.app */,
			);
			name = Products;
			sourceTree = "<group>";
		};
		EE10C826273661FE00E2E4D2 /* pushHandle */ = {
			isa = PBXGroup;
			children = (
				EE10C837273667EA00E2E4D2 /* CupertinoJWT */,
				EE10C85527371D2900E2E4D2 /* Models */,
				EE10C85027371CC800E2E4D2 /* Extensions */,
				EE10C84D2736FEA400E2E4D2 /* Info.plist */,
				EE10C827273661FE00E2E4D2 /* pushHandleApp.swift */,
				EE10C85627371D4C00E2E4D2 /* View */,
				EE10C82B2736620000E2E4D2 /* Assets.xcassets */,
				EE10C8302736620000E2E4D2 /* pushHandle.entitlements */,
				EE10C82D2736620000E2E4D2 /* Preview Content */,
			);
			path = pushHandle;
			sourceTree = "<group>";
		};
		EE10C82D2736620000E2E4D2 /* Preview Content */ = {
			isa = PBXGroup;
			children = (
				EE10C82E2736620000E2E4D2 /* Preview Assets.xcassets */,
			);
			path = "Preview Content";
			sourceTree = "<group>";
		};
		EE10C837273667EA00E2E4D2 /* CupertinoJWT */ = {
			isa = PBXGroup;
			children = (
				EE10C838273667EA00E2E4D2 /* LICENSE */,
				EE10C839273667EA00E2E4D2 /* README.md */,
				EE10C83A273667EA00E2E4D2 /* Sources */,
				EE10C842273667EA00E2E4D2 /* install_common_crypto.sh */,
			);
			path = CupertinoJWT;
			sourceTree = "<group>";
		};
		EE10C83A273667EA00E2E4D2 /* Sources */ = {
			isa = PBXGroup;
			children = (
				EE10C83B273667EA00E2E4D2 /* CupertinoJWTError.swift */,
				EE10C83C273667EA00E2E4D2 /* JWT.swift */,
				EE10C83D273667EA00E2E4D2 /* ECKeyData.swift */,
				EE10C83E273667EA00E2E4D2 /* Data+Extension.swift */,
				EE10C83F273667EA00E2E4D2 /* P8.swift */,
				EE10C840273667EA00E2E4D2 /* ECPrivateKey.swift */,
				EE10C841273667EA00E2E4D2 /* ASN1.swift */,
			);
			path = Sources;
			sourceTree = "<group>";
		};
		EE10C85027371CC800E2E4D2 /* Extensions */ = {
			isa = PBXGroup;
			children = (
				EE10C85127371CE400E2E4D2 /* NSTextView+Background.swift */,
				EE10C85327371D1B00E2E4D2 /* String+Dictionary.swift */,
			);
			path = Extensions;
			sourceTree = "<group>";
		};
		EE10C85527371D2900E2E4D2 /* Models */ = {
			isa = PBXGroup;
			children = (
				EE10C84E273714CD00E2E4D2 /* JWTToken.swift */,
			);
			path = Models;
			sourceTree = "<group>";
		};
		EE10C85627371D4C00E2E4D2 /* View */ = {
			isa = PBXGroup;
			children = (
				EE10C85727371D7800E2E4D2 /* PopoverView.swift */,
				EE10C85927371DC300E2E4D2 /* PushPredefinedType.swift */,
				EE10C85B27371DF600E2E4D2 /* PushEnvironment.swift */,
				EE10C85D27371E1300E2E4D2 /* DroppableArea.swift */,
				EE10C829273661FE00E2E4D2 /* P8ContentView.swift */,
				EE10C85F2737290F00E2E4D2 /* MainView.swift */,
				EE10C8612737293600E2E4D2 /* SideMenuView.swift */,
			);
			path = View;
			sourceTree = "<group>";
		};
/* End PBXGroup section */

/* Begin PBXNativeTarget section */
		EE10C823273661FE00E2E4D2 /* pushHandle */ = {
			isa = PBXNativeTarget;
			buildConfigurationList = EE10C8332736620000E2E4D2 /* Build configuration list for PBXNativeTarget "pushHandle" */;
			buildPhases = (
				EE10C820273661FE00E2E4D2 /* Sources */,
				EE10C821273661FE00E2E4D2 /* Frameworks */,
				EE10C822273661FE00E2E4D2 /* Resources */,
			);
			buildRules = (
			);
			dependencies = (
			);
			name = pushHandle;
			productName = pushHandle;
			productReference = EE10C824273661FE00E2E4D2 /* pushHandle.app */;
			productType = "com.apple.product-type.application";
		};
/* End PBXNativeTarget section */

/* Begin PBXProject section */
		EE10C81C273661FE00E2E4D2 /* Project object */ = {
			isa = PBXProject;
			attributes = {
				BuildIndependentTargetsInParallel = 1;
				LastSwiftUpdateCheck = 1310;
				LastUpgradeCheck = 1310;
				TargetAttributes = {
					EE10C823273661FE00E2E4D2 = {
						CreatedOnToolsVersion = 13.1;
					};
				};
			};
			buildConfigurationList = EE10C81F273661FE00E2E4D2 /* Build configuration list for PBXProject "pushHandle" */;
			compatibilityVersion = "Xcode 13.0";
			developmentRegion = en;
			hasScannedForEncodings = 0;
			knownRegions = (
				en,
				Base,
			);
			mainGroup = EE10C81B273661FE00E2E4D2;
			packageReferences = (
			);
			productRefGroup = EE10C825273661FE00E2E4D2 /* Products */;
			projectDirPath = "";
			projectRoot = "";
			targets = (
				EE10C823273661FE00E2E4D2 /* pushHandle */,
			);
		};
/* End PBXProject section */

/* Begin PBXResourcesBuildPhase section */
		EE10C822273661FE00E2E4D2 /* Resources */ = {
			isa = PBXResourcesBuildPhase;
			buildActionMask = 2147483647;
			files = (
				EE10C84C273667EA00E2E4D2 /* install_common_crypto.sh in Resources */,
				EE10C843273667EA00E2E4D2 /* LICENSE in Resources */,
				EE10C82F2736620000E2E4D2 /* Preview Assets.xcassets in Resources */,
				EE10C844273667EA00E2E4D2 /* README.md in Resources */,
				EE10C82C2736620000E2E4D2 /* Assets.xcassets in Resources */,
			);
			runOnlyForDeploymentPostprocessing = 0;
		};
/* End PBXResourcesBuildPhase section */

/* Begin PBXSourcesBuildPhase section */
		EE10C820273661FE00E2E4D2 /* Sources */ = {
			isa = PBXSourcesBuildPhase;
			buildActionMask = 2147483647;
			files = (
				EE10C85E27371E1300E2E4D2 /* DroppableArea.swift in Sources */,
				EE10C85C27371DF600E2E4D2 /* PushEnvironment.swift in Sources */,
				EE10C845273667EA00E2E4D2 /* CupertinoJWTError.swift in Sources */,
				EE10C84A273667EA00E2E4D2 /* ECPrivateKey.swift in Sources */,
				EE10C849273667EA00E2E4D2 /* P8.swift in Sources */,
				EE10C846273667EA00E2E4D2 /* JWT.swift in Sources */,
				EE10C8622737293600E2E4D2 /* SideMenuView.swift in Sources */,
				EE10C847273667EA00E2E4D2 /* ECKeyData.swift in Sources */,
				EE10C82A273661FE00E2E4D2 /* P8ContentView.swift in Sources */,
				EE10C84B273667EA00E2E4D2 /* ASN1.swift in Sources */,
				EE10C85227371CE400E2E4D2 /* NSTextView+Background.swift in Sources */,
				EE10C84F273714CD00E2E4D2 /* JWTToken.swift in Sources */,
				EE10C8602737290F00E2E4D2 /* MainView.swift in Sources */,
				EE10C85A27371DC300E2E4D2 /* PushPredefinedType.swift in Sources */,
				EE10C828273661FE00E2E4D2 /* pushHandleApp.swift in Sources */,
				EE10C85427371D1B00E2E4D2 /* String+Dictionary.swift in Sources */,
				EE10C848273667EA00E2E4D2 /* Data+Extension.swift in Sources */,
				EE10C85827371D7800E2E4D2 /* PopoverView.swift in Sources */,
			);
			runOnlyForDeploymentPostprocessing = 0;
		};
/* End PBXSourcesBuildPhase section */

/* Begin XCBuildConfiguration section */
		EE10C8312736620000E2E4D2 /* Debug */ = {
			isa = XCBuildConfiguration;
			buildSettings = {
				ALWAYS_SEARCH_USER_PATHS = NO;
				CLANG_ANALYZER_NONNULL = YES;
				CLANG_ANALYZER_NUMBER_OBJECT_CONVERSION = YES_AGGRESSIVE;
				CLANG_CXX_LANGUAGE_STANDARD = "gnu++17";
				CLANG_CXX_LIBRARY = "libc++";
				CLANG_ENABLE_MODULES = YES;
				CLANG_ENABLE_OBJC_ARC = YES;
				CLANG_ENABLE_OBJC_WEAK = YES;
				CLANG_WARN_BLOCK_CAPTURE_AUTORELEASING = YES;
				CLANG_WARN_BOOL_CONVERSION = YES;
				CLANG_WARN_COMMA = YES;
				CLANG_WARN_CONSTANT_CONVERSION = YES;
				CLANG_WARN_DEPRECATED_OBJC_IMPLEMENTATIONS = YES;
				CLANG_WARN_DIRECT_OBJC_ISA_USAGE = YES_ERROR;
				CLANG_WARN_DOCUMENTATION_COMMENTS = YES;
				CLANG_WARN_EMPTY_BODY = YES;
				CLANG_WARN_ENUM_CONVERSION = YES;
				CLANG_WARN_INFINITE_RECURSION = YES;
				CLANG_WARN_INT_CONVERSION = YES;
				CLANG_WARN_NON_LITERAL_NULL_CONVERSION = YES;
				CLANG_WARN_OBJC_IMPLICIT_RETAIN_SELF = YES;
				CLANG_WARN_OBJC_LITERAL_CONVERSION = YES;
				CLANG_WARN_OBJC_ROOT_CLASS = YES_ERROR;
				CLANG_WARN_QUOTED_INCLUDE_IN_FRAMEWORK_HEADER = YES;
				CLANG_WARN_RANGE_LOOP_ANALYSIS = YES;
				CLANG_WARN_STRICT_PROTOTYPES = YES;
				CLANG_WARN_SUSPICIOUS_MOVE = YES;
				CLANG_WARN_UNGUARDED_AVAILABILITY = YES_AGGRESSIVE;
				CLANG_WARN_UNREACHABLE_CODE = YES;
				CLANG_WARN__DUPLICATE_METHOD_MATCH = YES;
				COPY_PHASE_STRIP = NO;
				DEBUG_INFORMATION_FORMAT = dwarf;
				ENABLE_STRICT_OBJC_MSGSEND = YES;
				ENABLE_TESTABILITY = YES;
				GCC_C_LANGUAGE_STANDARD = gnu11;
				GCC_DYNAMIC_NO_PIC = NO;
				GCC_NO_COMMON_BLOCKS = YES;
				GCC_OPTIMIZATION_LEVEL = 0;
				GCC_PREPROCESSOR_DEFINITIONS = (
					"DEBUG=1",
					"$(inherited)",
				);
				GCC_WARN_64_TO_32_BIT_CONVERSION = YES;
				GCC_WARN_ABOUT_RETURN_TYPE = YES_ERROR;
				GCC_WARN_UNDECLARED_SELECTOR = YES;
				GCC_WARN_UNINITIALIZED_AUTOS = YES_AGGRESSIVE;
				GCC_WARN_UNUSED_FUNCTION = YES;
				GCC_WARN_UNUSED_VARIABLE = YES;
				MACOSX_DEPLOYMENT_TARGET = 11.6;
				MTL_ENABLE_DEBUG_INFO = INCLUDE_SOURCE;
				MTL_FAST_MATH = YES;
				ONLY_ACTIVE_ARCH = YES;
				SDKROOT = macosx;
				SWIFT_ACTIVE_COMPILATION_CONDITIONS = DEBUG;
				SWIFT_OPTIMIZATION_LEVEL = "-Onone";
			};
			name = Debug;
		};
		EE10C8322736620000E2E4D2 /* Release */ = {
			isa = XCBuildConfiguration;
			buildSettings = {
				ALWAYS_SEARCH_USER_PATHS = NO;
				CLANG_ANALYZER_NONNULL = YES;
				CLANG_ANALYZER_NUMBER_OBJECT_CONVERSION = YES_AGGRESSIVE;
				CLANG_CXX_LANGUAGE_STANDARD = "gnu++17";
				CLANG_CXX_LIBRARY = "libc++";
				CLANG_ENABLE_MODULES = YES;
				CLANG_ENABLE_OBJC_ARC = YES;
				CLANG_ENABLE_OBJC_WEAK = YES;
				CLANG_WARN_BLOCK_CAPTURE_AUTORELEASING = YES;
				CLANG_WARN_BOOL_CONVERSION = YES;
				CLANG_WARN_COMMA = YES;
				CLANG_WARN_CONSTANT_CONVERSION = YES;
				CLANG_WARN_DEPRECATED_OBJC_IMPLEMENTATIONS = YES;
				CLANG_WARN_DIRECT_OBJC_ISA_USAGE = YES_ERROR;
				CLANG_WARN_DOCUMENTATION_COMMENTS = YES;
				CLANG_WARN_EMPTY_BODY = YES;
				CLANG_WARN_ENUM_CONVERSION = YES;
				CLANG_WARN_INFINITE_RECURSION = YES;
				CLANG_WARN_INT_CONVERSION = YES;
				CLANG_WARN_NON_LITERAL_NULL_CONVERSION = YES;
				CLANG_WARN_OBJC_IMPLICIT_RETAIN_SELF = YES;
				CLANG_WARN_OBJC_LITERAL_CONVERSION = YES;
				CLANG_WARN_OBJC_ROOT_CLASS = YES_ERROR;
				CLANG_WARN_QUOTED_INCLUDE_IN_FRAMEWORK_HEADER = YES;
				CLANG_WARN_RANGE_LOOP_ANALYSIS = YES;
				CLANG_WARN_STRICT_PROTOTYPES = YES;
				CLANG_WARN_SUSPICIOUS_MOVE = YES;
				CLANG_WARN_UNGUARDED_AVAILABILITY = YES_AGGRESSIVE;
				CLANG_WARN_UNREACHABLE_CODE = YES;
				CLANG_WARN__DUPLICATE_METHOD_MATCH = YES;
				COPY_PHASE_STRIP = NO;
				DEBUG_INFORMATION_FORMAT = "dwarf-with-dsym";
				ENABLE_NS_ASSERTIONS = NO;
				ENABLE_STRICT_OBJC_MSGSEND = YES;
				GCC_C_LANGUAGE_STANDARD = gnu11;
				GCC_NO_COMMON_BLOCKS = YES;
				GCC_WARN_64_TO_32_BIT_CONVERSION = YES;
				GCC_WARN_ABOUT_RETURN_TYPE = YES_ERROR;
				GCC_WARN_UNDECLARED_SELECTOR = YES;
				GCC_WARN_UNINITIALIZED_AUTOS = YES_AGGRESSIVE;
				GCC_WARN_UNUSED_FUNCTION = YES;
				GCC_WARN_UNUSED_VARIABLE = YES;
				MACOSX_DEPLOYMENT_TARGET = 11.6;
				MTL_ENABLE_DEBUG_INFO = NO;
				MTL_FAST_MATH = YES;
				SDKROOT = macosx;
				SWIFT_COMPILATION_MODE = wholemodule;
				SWIFT_OPTIMIZATION_LEVEL = "-O";
			};
			name = Release;
		};
		EE10C8342736620000E2E4D2 /* Debug */ = {
			isa = XCBuildConfiguration;
			buildSettings = {
				ASSETCATALOG_COMPILER_APPICON_NAME = AppIcon;
				ASSETCATALOG_COMPILER_GLOBAL_ACCENT_COLOR_NAME = AccentColor;
				ASSETCATALOG_COMPILER_INCLUDE_ALL_APPICON_ASSETS = YES;
				CODE_SIGN_ENTITLEMENTS = pushHandle/pushHandle.entitlements;
				CODE_SIGN_STYLE = Automatic;
				COMBINE_HIDPI_IMAGES = YES;
				CURRENT_PROJECT_VERSION = 1;
				DEVELOPMENT_ASSET_PATHS = "\"pushHandle/Preview Content\"";
				ENABLE_PREVIEWS = YES;
				GENERATE_INFOPLIST_FILE = YES;
				INFOPLIST_FILE = pushHandle/Info.plist;
				INFOPLIST_KEY_NSHumanReadableCopyright = "";
				LD_RUNPATH_SEARCH_PATHS = (
					"$(inherited)",
					"@executable_path/../Frameworks",
				);
				MARKETING_VERSION = 1.0;
				PRODUCT_BUNDLE_IDENTIFIER = com.hbk.pushHandle;
				PRODUCT_NAME = "$(TARGET_NAME)";
				SWIFT_EMIT_LOC_STRINGS = YES;
				SWIFT_VERSION = 5.0;
			};
			name = Debug;
		};
		EE10C8352736620000E2E4D2 /* Release */ = {
			isa = XCBuildConfiguration;
			buildSettings = {
				ASSETCATALOG_COMPILER_APPICON_NAME = AppIcon;
				ASSETCATALOG_COMPILER_GLOBAL_ACCENT_COLOR_NAME = AccentColor;
				ASSETCATALOG_COMPILER_INCLUDE_ALL_APPICON_ASSETS = YES;
				CODE_SIGN_ENTITLEMENTS = pushHandle/pushHandle.entitlements;
				CODE_SIGN_STYLE = Automatic;
				COMBINE_HIDPI_IMAGES = YES;
				CURRENT_PROJECT_VERSION = 1;
				DEVELOPMENT_ASSET_PATHS = "\"pushHandle/Preview Content\"";
				ENABLE_PREVIEWS = YES;
				GENERATE_INFOPLIST_FILE = YES;
				INFOPLIST_FILE = pushHandle/Info.plist;
				INFOPLIST_KEY_NSHumanReadableCopyright = "";
				LD_RUNPATH_SEARCH_PATHS = (
					"$(inherited)",
					"@executable_path/../Frameworks",
				);
				MARKETING_VERSION = 1.0;
				PRODUCT_BUNDLE_IDENTIFIER = com.hbk.pushHandle;
				PRODUCT_NAME = "$(TARGET_NAME)";
				SWIFT_EMIT_LOC_STRINGS = YES;
				SWIFT_VERSION = 5.0;
			};
			name = Release;
		};
/* End XCBuildConfiguration section */

/* Begin XCConfigurationList section */
		EE10C81F273661FE00E2E4D2 /* Build configuration list for PBXProject "pushHandle" */ = {
			isa = XCConfigurationList;
			buildConfigurations = (
				EE10C8312736620000E2E4D2 /* Debug */,
				EE10C8322736620000E2E4D2 /* Release */,
			);
			defaultConfigurationIsVisible = 0;
			defaultConfigurationName = Release;
		};
		EE10C8332736620000E2E4D2 /* Build configuration list for PBXNativeTarget "pushHandle" */ = {
			isa = XCConfigurationList;
			buildConfigurations = (
				EE10C8342736620000E2E4D2 /* Debug */,
				EE10C8352736620000E2E4D2 /* Release */,
			);
			defaultConfigurationIsVisible = 0;
			defaultConfigurationName = Release;
		};
/* End XCConfigurationList section */
	};
	rootObject = EE10C81C273661FE00E2E4D2 /* Project object */;
}
